
Microsoft Visual Studio Solution File, Format Version 12.00
# Visual Studio Version 17
VisualStudioVersion = 17.1.32414.318
MinimumVisualStudioVersion = 10.0.40219.1
Project("{FAE04EC0-301F-11D3-BF4B-00C04F79EFBC}") = "GTSpecDB.Editor", "GTSpecDB.Editor\GTSpecDB.Editor.csproj", "{13BE163E-69F7-4395-ADFA-8BEA6ABF81F6}"
EndProject
Project("{9A19103F-16F7-4668-BE54-9A1E7A4F7556}") = "GTSpecDB.Sqlite", "GTSpecDB.Sqlite\GTSpecDB.Sqlite.csproj", "{F41FD881-14C9-43CC-8943-6014EBFD10D9}"
EndProject
Project("{9A19103F-16F7-4668-BE54-9A1E7A4F7556}") = "GTSpecDB.Core", "GTSpecDB.Core\GTSpecDB.Core.csproj", "{4482F622-35F0-45BA-ADF3-41A796004892}"
EndProject
Global
	GlobalSection(SolutionConfigurationPlatforms) = preSolution
		Debug|Any CPU = Debug|Any CPU
		Release|Any CPU = Release|Any CPU
	EndGlobalSection
	GlobalSection(ProjectConfigurationPlatforms) = postSolution
		{13BE163E-69F7-4395-ADFA-8BEA6ABF81F6}.Debug|Any CPU.ActiveCfg = Debug|Any CPU
		{13BE163E-69F7-4395-ADFA-8BEA6ABF81F6}.Debug|Any CPU.Build.0 = Debug|Any CPU
		{13BE163E-69F7-4395-ADFA-8BEA6ABF81F6}.Release|Any CPU.ActiveCfg = Release|Any CPU
		{13BE163E-69F7-4395-ADFA-8BEA6ABF81F6}.Release|Any CPU.Build.0 = Release|Any CPU
		{F41FD881-14C9-43CC-8943-6014EBFD10D9}.Debug|Any CPU.ActiveCfg = Debug|Any CPU
		{F41FD881-14C9-43CC-8943-6014EBFD10D9}.Debug|Any CPU.Build.0 = Debug|Any CPU
		{F41FD881-14C9-43CC-8943-6014EBFD10D9}.Release|Any CPU.ActiveCfg = Release|Any CPU
		{F41FD881-14C9-43CC-8943-6014EBFD10D9}.Release|Any CPU.Build.0 = Release|Any CPU
		{4482F622-35F0-45BA-ADF3-41A796004892}.Debug|Any CPU.ActiveCfg = Debug|Any CPU
		{4482F622-35F0-45BA-ADF3-41A796004892}.Debug|Any CPU.Build.0 = Debug|Any CPU
		{4482F622-35F0-45BA-ADF3-41A796004892}.Release|Any CPU.ActiveCfg = Release|Any CPU
		{4482F622-35F0-45BA-ADF3-41A796004892}.Release|Any CPU.Build.0 = Release|Any CPU
	EndGlobalSection
	GlobalSection(SolutionProperties) = preSolution
		HideSolutionNode = FALSE
	EndGlobalSection
	GlobalSection(ExtensibilityGlobals) = postSolution
		SolutionGuid = {BE827E63-3857-4095-B36F-5349A335B678}
	EndGlobalSection
EndGlobal
